
Microsoft Visual Studio Solution File, Format Version 12.00
# Visual Studio Version 17
VisualStudioVersion = 17.3.32901.215
MinimumVisualStudioVersion = 10.0.40219.1
Project("{FAE04EC0-301F-11D3-BF4B-00C04F79EFBC}") = "AspCoreWebAPIDemos", "AspCoreWebAPIDemos.csproj", "{BCD14312-14E5-419F-B689-1E82EDB0B156}"
EndProject
Global
	GlobalSection(SolutionConfigurationPlatforms) = preSolution
		Debug|Any CPU = Debug|Any CPU
		Release|Any CPU = Release|Any CPU
	EndGlobalSection
	GlobalSection(ProjectConfigurationPlatforms) = postSolution
		{BCD14312-14E5-419F-B689-1E82EDB0B156}.Debug|Any CPU.ActiveCfg = Debug|Any CPU
		{BCD14312-14E5-419F-B689-1E82EDB0B156}.Debug|Any CPU.Build.0 = Debug|Any CPU
		{BCD14312-14E5-419F-B689-1E82EDB0B156}.Release|Any CPU.ActiveCfg = Release|Any CPU
		{BCD14312-14E5-419F-B689-1E82EDB0B156}.Release|Any CPU.Build.0 = Release|Any CPU
	EndGlobalSection
	GlobalSection(SolutionProperties) = preSolution
		HideSolutionNode = FALSE
	EndGlobalSection
	GlobalSection(ExtensibilityGlobals) = postSolution
		SolutionGuid = {AF182FD6-EEAF-44FF-BDF2-109667105D71}
	EndGlobalSection
EndGlobal
